
Microsoft Visual Studio Solution File, Format Version 12.00
# Visual Studio Version 16
VisualStudioVersion = 16.0.31515.178
MinimumVisualStudioVersion = 10.0.40219.1
Project("{FAE04EC0-301F-11D3-BF4B-00C04F79EFBC}") = "kolos2", "kolos2\kolos2.csproj", "{CC3C5398-71D8-454A-91A8-74741E6E50B6}"
EndProject
Global
	GlobalSection(SolutionConfigurationPlatforms) = preSolution
		Debug|Any CPU = Debug|Any CPU
		Release|Any CPU = Release|Any CPU
	EndGlobalSection
	GlobalSection(ProjectConfigurationPlatforms) = postSolution
		{CC3C5398-71D8-454A-91A8-74741E6E50B6}.Debug|Any CPU.ActiveCfg = Debug|Any CPU
		{CC3C5398-71D8-454A-91A8-74741E6E50B6}.Debug|Any CPU.Build.0 = Debug|Any CPU
		{CC3C5398-71D8-454A-91A8-74741E6E50B6}.Release|Any CPU.ActiveCfg = Release|Any CPU
		{CC3C5398-71D8-454A-91A8-74741E6E50B6}.Release|Any CPU.Build.0 = Release|Any CPU
	EndGlobalSection
	GlobalSection(SolutionProperties) = preSolution
		HideSolutionNode = FALSE
	EndGlobalSection
	GlobalSection(ExtensibilityGlobals) = postSolution
		SolutionGuid = {8B017804-B668-4680-89C9-4FC3DBDC6D04}
	EndGlobalSection
EndGlobal
